
Microsoft Visual Studio Solution File, Format Version 12.00
# Visual Studio Version 16
VisualStudioVersion = 16.0.29411.108
MinimumVisualStudioVersion = 10.0.40219.1
Project("{FAE04EC0-301F-11D3-BF4B-00C04F79EFBC}") = "JSON Viewer", "JSON Viewer\JSON Viewer.csproj", "{CF86A34B-68CB-45C8-A126-31A8F5D2FA3C}"
EndProject
Global
	GlobalSection(SolutionConfigurationPlatforms) = preSolution
		Debug|Any CPU = Debug|Any CPU
		Release|Any CPU = Release|Any CPU
	EndGlobalSection
	GlobalSection(ProjectConfigurationPlatforms) = postSolution
		{CF86A34B-68CB-45C8-A126-31A8F5D2FA3C}.Debug|Any CPU.ActiveCfg = Debug|Any CPU
		{CF86A34B-68CB-45C8-A126-31A8F5D2FA3C}.Debug|Any CPU.Build.0 = Debug|Any CPU
		{CF86A34B-68CB-45C8-A126-31A8F5D2FA3C}.Release|Any CPU.ActiveCfg = Release|Any CPU
		{CF86A34B-68CB-45C8-A126-31A8F5D2FA3C}.Release|Any CPU.Build.0 = Release|Any CPU
	EndGlobalSection
	GlobalSection(SolutionProperties) = preSolution
		HideSolutionNode = FALSE
	EndGlobalSection
	GlobalSection(ExtensibilityGlobals) = postSolution
		SolutionGuid = {956CB5E1-6AFD-4A38-A44D-4A77FD5558F8}
	EndGlobalSection
EndGlobal
